
Microsoft Visual Studio Solution File, Format Version 12.00
Project("{FAE04EC0-301F-11D3-BF4B-00C04F79EFBC}") = "ProcessManager", "ProcessManager\ProcessManager.csproj", "{AC3245F7-3271-4A27-A0F9-8C1FCF82F5A1}"
EndProject
Global
	GlobalSection(SolutionConfigurationPlatforms) = preSolution
		Debug|Any CPU = Debug|Any CPU
		Release|Any CPU = Release|Any CPU
	EndGlobalSection
	GlobalSection(ProjectConfigurationPlatforms) = postSolution
		{AC3245F7-3271-4A27-A0F9-8C1FCF82F5A1}.Debug|Any CPU.ActiveCfg = Debug|Any CPU
		{AC3245F7-3271-4A27-A0F9-8C1FCF82F5A1}.Debug|Any CPU.Build.0 = Debug|Any CPU
		{AC3245F7-3271-4A27-A0F9-8C1FCF82F5A1}.Release|Any CPU.ActiveCfg = Release|Any CPU
		{AC3245F7-3271-4A27-A0F9-8C1FCF82F5A1}.Release|Any CPU.Build.0 = Release|Any CPU
	EndGlobalSection
EndGlobal
